
Microsoft Visual Studio Solution File, Format Version 12.00
# Visual Studio Version 17
VisualStudioVersion = 17.0.32014.148
MinimumVisualStudioVersion = 10.0.40219.1
Project("{FAE04EC0-301F-11D3-BF4B-00C04F79EFBC}") = "Git_experience_Grad", "Git_experience_Grad\Git_experience_Grad.csproj", "{DF8DAAE8-1D8D-40E7-9C3E-D84AEE82E540}"
EndProject
Global
	GlobalSection(SolutionConfigurationPlatforms) = preSolution
		Debug|Any CPU = Debug|Any CPU
		Release|Any CPU = Release|Any CPU
	EndGlobalSection
	GlobalSection(ProjectConfigurationPlatforms) = postSolution
		{DF8DAAE8-1D8D-40E7-9C3E-D84AEE82E540}.Debug|Any CPU.ActiveCfg = Debug|Any CPU
		{DF8DAAE8-1D8D-40E7-9C3E-D84AEE82E540}.Debug|Any CPU.Build.0 = Debug|Any CPU
		{DF8DAAE8-1D8D-40E7-9C3E-D84AEE82E540}.Release|Any CPU.ActiveCfg = Release|Any CPU
		{DF8DAAE8-1D8D-40E7-9C3E-D84AEE82E540}.Release|Any CPU.Build.0 = Release|Any CPU
	EndGlobalSection
	GlobalSection(SolutionProperties) = preSolution
		HideSolutionNode = FALSE
	EndGlobalSection
	GlobalSection(ExtensibilityGlobals) = postSolution
		SolutionGuid = {A02EC47F-ED07-4CA2-834B-1D123F50815D}
	EndGlobalSection
EndGlobal
